
Microsoft Visual Studio Solution File, Format Version 12.00
# Visual Studio Version 16
VisualStudioVersion = 16.0.31005.135
MinimumVisualStudioVersion = 10.0.40219.1
Project("{9A19103F-16F7-4668-BE54-9A1E7A4F7556}") = "PXLFunds", "PXLFunds\PXLFunds.csproj", "{E95DE19B-E09D-4697-8137-0E8DE74F3CCC}"
EndProject
Project("{9A19103F-16F7-4668-BE54-9A1E7A4F7556}") = "ExternalIdentityProvider", "..\..\ExternalIdentityProvider\ExternalIdentityProvider\ExternalIdentityProvider.csproj", "{2C3096A9-655F-4C75-B4EA-D0659F121F1A}"
EndProject
Global
	GlobalSection(SolutionConfigurationPlatforms) = preSolution
		Debug|Any CPU = Debug|Any CPU
		Release|Any CPU = Release|Any CPU
	EndGlobalSection
	GlobalSection(ProjectConfigurationPlatforms) = postSolution
		{E95DE19B-E09D-4697-8137-0E8DE74F3CCC}.Debug|Any CPU.ActiveCfg = Debug|Any CPU
		{E95DE19B-E09D-4697-8137-0E8DE74F3CCC}.Debug|Any CPU.Build.0 = Debug|Any CPU
		{E95DE19B-E09D-4697-8137-0E8DE74F3CCC}.Release|Any CPU.ActiveCfg = Release|Any CPU
		{E95DE19B-E09D-4697-8137-0E8DE74F3CCC}.Release|Any CPU.Build.0 = Release|Any CPU
		{2C3096A9-655F-4C75-B4EA-D0659F121F1A}.Debug|Any CPU.ActiveCfg = Debug|Any CPU
		{2C3096A9-655F-4C75-B4EA-D0659F121F1A}.Debug|Any CPU.Build.0 = Debug|Any CPU
		{2C3096A9-655F-4C75-B4EA-D0659F121F1A}.Release|Any CPU.ActiveCfg = Release|Any CPU
		{2C3096A9-655F-4C75-B4EA-D0659F121F1A}.Release|Any CPU.Build.0 = Release|Any CPU
	EndGlobalSection
	GlobalSection(SolutionProperties) = preSolution
		HideSolutionNode = FALSE
	EndGlobalSection
	GlobalSection(ExtensibilityGlobals) = postSolution
		SolutionGuid = {B30F81BD-2A14-4AFD-BBF9-A693DB827DAC}
	EndGlobalSection
EndGlobal
